<?xml version="1.0" encoding="utf-8"?>
<Project ToolsVersion="4.0" xmlns="http://schemas.microsoft.com/developer/msbuild/2003">
  <ItemGroup>
    <Filter Include="Source Files">
      <UniqueIdentifier>{4FC737F1-C7A5-4376-A066-2A32D752A2FF}</UniqueIdentifier>
      <Extensions>cpp;c;cc;cxx;def;odl;idl;hpj;bat;asm;asmx</Extensions>
    </Filter>
    <Filter Include="Graphics">
      <UniqueIdentifier>{fbbeb2c2-4de9-433d-aab3-d800b5eeb393}</UniqueIdentifier>
    </Filter>
    <Filter Include="Driver">
      <UniqueIdentifier>{32fd9168-9174-4d0f-bdd2-189c98caa4c8}</UniqueIdentifier>
    </Filter>
    <Filter Include="Libraries">
      <UniqueIdentifier>{110cb807-9592-49b3-97b6-638cfb99df3e}</UniqueIdentifier>
    </Filter>
  </ItemGroup>
  <ItemGroup>
    <ClCompile Include="src\Graphics.cpp">
      <Filter>Graphics</Filter>
    </ClCompile>
    <ClCompile Include="src\Driver.cpp">
      <Filter>Driver</Filter>
    </ClCompile>
    <ClCompile Include="src\TimePlot.cpp">
      <Filter>Graphics</Filter>
    </ClCompile>
    <ClCompile Include="src\test.cpp">
      <Filter>Source Files</Filter>
    </ClCompile>
  </ItemGroup>
  <ItemGroup>
    <ClInclude Include="src\Graphics.h">
      <Filter>Graphics</Filter>
    </ClInclude>
    <ClInclude Include="src\Driver.h">
      <Filter>Driver</Filter>
    </ClInclude>
    <ClInclude Include="src\TimePlot.h">
      <Filter>Graphics</Filter>
    </ClInclude>
  </ItemGroup>
  <ItemGroup>
    <Library Include="..\Release\FASTInterface_Release.lib">
      <Filter>Libraries</Filter>
    </Library>
    <Library Include="..\Win32\Debug\FASTInterface_Debug.lib">
      <Filter>Libraries</Filter>
    </Library>
  </ItemGroup>
</Project>