
Microsoft Visual Studio Solution File, Format Version 12.00
# Visual Studio 15
VisualStudioVersion = 15.0.28307.1145
MinimumVisualStudioVersion = 10.0.40219.1
Project("{8BC9CEB8-8B4A-11D0-8D11-00A0C91BC942}") = "FASTInterface", "FASTInterface\FASTInterface.vcxproj", "{DF95312E-6B08-47CA-A5EF-7E083F33D97C}"
	ProjectSection(ProjectDependencies) = postProject
		{97CEFEB9-1DCB-470E-A231-E1DA2F21A9CE} = {97CEFEB9-1DCB-470E-A231-E1DA2F21A9CE}
	EndProjectSection
EndProject
Project("{6989167D-11E4-40FE-8C1A-2192A86A7E90}") = "AeroDyn_Interface", "modules\openfast\vs-build\AeroDyn\AeroDyn_Interface.vfproj", "{97CEFEB9-1DCB-470E-A231-E1DA2F21A9CE}"
	ProjectSection(ProjectDependencies) = postProject
		{DA16A3A6-3297-4628-9E46-C6FA0E3C4D16} = {DA16A3A6-3297-4628-9E46-C6FA0E3C4D16}
	EndProjectSection
EndProject
Project("{8BC9CEB8-8B4A-11D0-8D11-00A0C91BC942}") = "FAST_Registry", "modules\openfast\vs-build\Registry\FAST_Registry.vcxproj", "{DA16A3A6-3297-4628-9E46-C6FA0E3C4D16}"
EndProject
Project("{8BC9CEB8-8B4A-11D0-8D11-00A0C91BC942}") = "FASTInterface_Test", "tests\FASTInterface_Test\FASTInterface_Test.vcxproj", "{4D72605A-9944-483F-9F0A-70DCDB3878A5}"
	ProjectSection(ProjectDependencies) = postProject
		{DF95312E-6B08-47CA-A5EF-7E083F33D97C} = {DF95312E-6B08-47CA-A5EF-7E083F33D97C}
		{97CEFEB9-1DCB-470E-A231-E1DA2F21A9CE} = {97CEFEB9-1DCB-470E-A231-E1DA2F21A9CE}
	EndProjectSection
EndProject
Project("{8BC9CEB8-8B4A-11D0-8D11-00A0C91BC942}") = "AD_Interface_Test", "tests\AD_Interface_Test\AD_Interface_Test.vcxproj", "{6164E365-2AC4-4866-B354-2ACD73DFAB16}"
	ProjectSection(ProjectDependencies) = postProject
		{DF95312E-6B08-47CA-A5EF-7E083F33D97C} = {DF95312E-6B08-47CA-A5EF-7E083F33D97C}
	EndProjectSection
EndProject
Project("{2150E333-8FDC-42A3-9474-1A3956D46DE8}") = "Tests", "Tests", "{21AAA4AC-639E-4B0B-932E-FC31D0870B1E}"
EndProject
Project("{8BC9CEB8-8B4A-11D0-8D11-00A0C91BC942}") = "MassSpringDamper_Test", "tests\MassSpringDamper_Test\MassSpringDamper_Test.vcxproj", "{8915A2D7-345D-427E-8D39-A93B4043DF40}"
	ProjectSection(ProjectDependencies) = postProject
		{DF95312E-6B08-47CA-A5EF-7E083F33D97C} = {DF95312E-6B08-47CA-A5EF-7E083F33D97C}
	EndProjectSection
EndProject
Global
	GlobalSection(SolutionConfigurationPlatforms) = preSolution
		Debug_Double|x64 = Debug_Double|x64
		Debug_Double|x86 = Debug_Double|x86
		Debug|x64 = Debug|x64
		Debug|x86 = Debug|x86
		Release_Double|x64 = Release_Double|x64
		Release_Double|x86 = Release_Double|x86
		Release|x64 = Release|x64
		Release|x86 = Release|x86
	EndGlobalSection
	GlobalSection(ProjectConfigurationPlatforms) = postSolution
		{DF95312E-6B08-47CA-A5EF-7E083F33D97C}.Debug_Double|x64.ActiveCfg = Debug|x64
		{DF95312E-6B08-47CA-A5EF-7E083F33D97C}.Debug_Double|x64.Build.0 = Debug|x64
		{DF95312E-6B08-47CA-A5EF-7E083F33D97C}.Debug_Double|x86.ActiveCfg = Debug|Win32
		{DF95312E-6B08-47CA-A5EF-7E083F33D97C}.Debug_Double|x86.Build.0 = Debug|Win32
		{DF95312E-6B08-47CA-A5EF-7E083F33D97C}.Debug|x64.ActiveCfg = Debug|x64
		{DF95312E-6B08-47CA-A5EF-7E083F33D97C}.Debug|x64.Build.0 = Debug|x64
		{DF95312E-6B08-47CA-A5EF-7E083F33D97C}.Debug|x86.ActiveCfg = Debug|Win32
		{DF95312E-6B08-47CA-A5EF-7E083F33D97C}.Debug|x86.Build.0 = Debug|Win32
		{DF95312E-6B08-47CA-A5EF-7E083F33D97C}.Release_Double|x64.ActiveCfg = Release|x64
		{DF95312E-6B08-47CA-A5EF-7E083F33D97C}.Release_Double|x64.Build.0 = Release|x64
		{DF95312E-6B08-47CA-A5EF-7E083F33D97C}.Release_Double|x86.ActiveCfg = Release|Win32
		{DF95312E-6B08-47CA-A5EF-7E083F33D97C}.Release_Double|x86.Build.0 = Release|Win32
		{DF95312E-6B08-47CA-A5EF-7E083F33D97C}.Release|x64.ActiveCfg = Release|x64
		{DF95312E-6B08-47CA-A5EF-7E083F33D97C}.Release|x64.Build.0 = Release|x64
		{DF95312E-6B08-47CA-A5EF-7E083F33D97C}.Release|x86.ActiveCfg = Release|Win32
		{DF95312E-6B08-47CA-A5EF-7E083F33D97C}.Release|x86.Build.0 = Release|Win32
		{97CEFEB9-1DCB-470E-A231-E1DA2F21A9CE}.Debug_Double|x64.ActiveCfg = Debug_Double|x64
		{97CEFEB9-1DCB-470E-A231-E1DA2F21A9CE}.Debug_Double|x64.Build.0 = Debug_Double|x64
		{97CEFEB9-1DCB-470E-A231-E1DA2F21A9CE}.Debug_Double|x86.ActiveCfg = Debug_Double|Win32
		{97CEFEB9-1DCB-470E-A231-E1DA2F21A9CE}.Debug_Double|x86.Build.0 = Debug_Double|Win32
		{97CEFEB9-1DCB-470E-A231-E1DA2F21A9CE}.Debug|x64.ActiveCfg = Debug_Double|x64
		{97CEFEB9-1DCB-470E-A231-E1DA2F21A9CE}.Debug|x64.Build.0 = Debug_Double|x64
		{97CEFEB9-1DCB-470E-A231-E1DA2F21A9CE}.Debug|x86.ActiveCfg = Debug_Double|Win32
		{97CEFEB9-1DCB-470E-A231-E1DA2F21A9CE}.Debug|x86.Build.0 = Debug_Double|Win32
		{97CEFEB9-1DCB-470E-A231-E1DA2F21A9CE}.Release_Double|x64.ActiveCfg = Release_Double|x64
		{97CEFEB9-1DCB-470E-A231-E1DA2F21A9CE}.Release_Double|x64.Build.0 = Release_Double|x64
		{97CEFEB9-1DCB-470E-A231-E1DA2F21A9CE}.Release_Double|x86.ActiveCfg = Release_Double|Win32
		{97CEFEB9-1DCB-470E-A231-E1DA2F21A9CE}.Release_Double|x86.Build.0 = Release_Double|Win32
		{97CEFEB9-1DCB-470E-A231-E1DA2F21A9CE}.Release|x64.ActiveCfg = Release|x64
		{97CEFEB9-1DCB-470E-A231-E1DA2F21A9CE}.Release|x64.Build.0 = Release|x64
		{97CEFEB9-1DCB-470E-A231-E1DA2F21A9CE}.Release|x86.ActiveCfg = Release|Win32
		{97CEFEB9-1DCB-470E-A231-E1DA2F21A9CE}.Release|x86.Build.0 = Release|Win32
		{DA16A3A6-3297-4628-9E46-C6FA0E3C4D16}.Debug_Double|x64.ActiveCfg = Release|x64
		{DA16A3A6-3297-4628-9E46-C6FA0E3C4D16}.Debug_Double|x64.Build.0 = Release|x64
		{DA16A3A6-3297-4628-9E46-C6FA0E3C4D16}.Debug_Double|x86.ActiveCfg = Debug|Win32
		{DA16A3A6-3297-4628-9E46-C6FA0E3C4D16}.Debug_Double|x86.Build.0 = Debug|Win32
		{DA16A3A6-3297-4628-9E46-C6FA0E3C4D16}.Debug|x64.ActiveCfg = Debug|x64
		{DA16A3A6-3297-4628-9E46-C6FA0E3C4D16}.Debug|x64.Build.0 = Debug|x64
		{DA16A3A6-3297-4628-9E46-C6FA0E3C4D16}.Debug|x86.ActiveCfg = Debug|Win32
		{DA16A3A6-3297-4628-9E46-C6FA0E3C4D16}.Debug|x86.Build.0 = Debug|Win32
		{DA16A3A6-3297-4628-9E46-C6FA0E3C4D16}.Release_Double|x64.ActiveCfg = Release|x64
		{DA16A3A6-3297-4628-9E46-C6FA0E3C4D16}.Release_Double|x64.Build.0 = Release|x64
		{DA16A3A6-3297-4628-9E46-C6FA0E3C4D16}.Release_Double|x86.ActiveCfg = Release|Win32
		{DA16A3A6-3297-4628-9E46-C6FA0E3C4D16}.Release_Double|x86.Build.0 = Release|Win32
		{DA16A3A6-3297-4628-9E46-C6FA0E3C4D16}.Release|x64.ActiveCfg = Release|x64
		{DA16A3A6-3297-4628-9E46-C6FA0E3C4D16}.Release|x64.Build.0 = Release|x64
		{DA16A3A6-3297-4628-9E46-C6FA0E3C4D16}.Release|x86.ActiveCfg = Release|Win32
		{DA16A3A6-3297-4628-9E46-C6FA0E3C4D16}.Release|x86.Build.0 = Release|Win32
		{4D72605A-9944-483F-9F0A-70DCDB3878A5}.Debug_Double|x64.ActiveCfg = Debug|x64
		{4D72605A-9944-483F-9F0A-70DCDB3878A5}.Debug_Double|x64.Build.0 = Debug|x64
		{4D72605A-9944-483F-9F0A-70DCDB3878A5}.Debug_Double|x86.ActiveCfg = Debug|Win32
		{4D72605A-9944-483F-9F0A-70DCDB3878A5}.Debug_Double|x86.Build.0 = Debug|Win32
		{4D72605A-9944-483F-9F0A-70DCDB3878A5}.Debug|x64.ActiveCfg = Debug|x64
		{4D72605A-9944-483F-9F0A-70DCDB3878A5}.Debug|x64.Build.0 = Debug|x64
		{4D72605A-9944-483F-9F0A-70DCDB3878A5}.Debug|x86.ActiveCfg = Debug|Win32
		{4D72605A-9944-483F-9F0A-70DCDB3878A5}.Debug|x86.Build.0 = Debug|Win32
		{4D72605A-9944-483F-9F0A-70DCDB3878A5}.Release_Double|x64.ActiveCfg = Release|x64
		{4D72605A-9944-483F-9F0A-70DCDB3878A5}.Release_Double|x64.Build.0 = Release|x64
		{4D72605A-9944-483F-9F0A-70DCDB3878A5}.Release_Double|x86.ActiveCfg = Release|Win32
		{4D72605A-9944-483F-9F0A-70DCDB3878A5}.Release_Double|x86.Build.0 = Release|Win32
		{4D72605A-9944-483F-9F0A-70DCDB3878A5}.Release|x64.ActiveCfg = Release|x64
		{4D72605A-9944-483F-9F0A-70DCDB3878A5}.Release|x64.Build.0 = Release|x64
		{4D72605A-9944-483F-9F0A-70DCDB3878A5}.Release|x86.ActiveCfg = Release|Win32
		{4D72605A-9944-483F-9F0A-70DCDB3878A5}.Release|x86.Build.0 = Release|Win32
		{6164E365-2AC4-4866-B354-2ACD73DFAB16}.Debug_Double|x64.ActiveCfg = Debug|x64
		{6164E365-2AC4-4866-B354-2ACD73DFAB16}.Debug_Double|x64.Build.0 = Debug|x64
		{6164E365-2AC4-4866-B354-2ACD73DFAB16}.Debug_Double|x86.ActiveCfg = Debug|Win32
		{6164E365-2AC4-4866-B354-2ACD73DFAB16}.Debug_Double|x86.Build.0 = Debug|Win32
		{6164E365-2AC4-4866-B354-2ACD73DFAB16}.Debug|x64.ActiveCfg = Debug|x64
		{6164E365-2AC4-4866-B354-2ACD73DFAB16}.Debug|x64.Build.0 = Debug|x64
		{6164E365-2AC4-4866-B354-2ACD73DFAB16}.Debug|x86.ActiveCfg = Debug|Win32
		{6164E365-2AC4-4866-B354-2ACD73DFAB16}.Debug|x86.Build.0 = Debug|Win32
		{6164E365-2AC4-4866-B354-2ACD73DFAB16}.Release_Double|x64.ActiveCfg = Release|x64
		{6164E365-2AC4-4866-B354-2ACD73DFAB16}.Release_Double|x64.Build.0 = Release|x64
		{6164E365-2AC4-4866-B354-2ACD73DFAB16}.Release_Double|x86.ActiveCfg = Release|Win32
		{6164E365-2AC4-4866-B354-2ACD73DFAB16}.Release_Double|x86.Build.0 = Release|Win32
		{6164E365-2AC4-4866-B354-2ACD73DFAB16}.Release|x64.ActiveCfg = Release|x64
		{6164E365-2AC4-4866-B354-2ACD73DFAB16}.Release|x64.Build.0 = Release|x64
		{6164E365-2AC4-4866-B354-2ACD73DFAB16}.Release|x86.ActiveCfg = Release|Win32
		{6164E365-2AC4-4866-B354-2ACD73DFAB16}.Release|x86.Build.0 = Release|Win32
		{8915A2D7-345D-427E-8D39-A93B4043DF40}.Debug_Double|x64.ActiveCfg = Debug|x64
		{8915A2D7-345D-427E-8D39-A93B4043DF40}.Debug_Double|x64.Build.0 = Debug|x64
		{8915A2D7-345D-427E-8D39-A93B4043DF40}.Debug_Double|x86.ActiveCfg = Debug|Win32
		{8915A2D7-345D-427E-8D39-A93B4043DF40}.Debug_Double|x86.Build.0 = Debug|Win32
		{8915A2D7-345D-427E-8D39-A93B4043DF40}.Debug|x64.ActiveCfg = Debug|x64
		{8915A2D7-345D-427E-8D39-A93B4043DF40}.Debug|x64.Build.0 = Debug|x64
		{8915A2D7-345D-427E-8D39-A93B4043DF40}.Debug|x86.ActiveCfg = Debug|Win32
		{8915A2D7-345D-427E-8D39-A93B4043DF40}.Debug|x86.Build.0 = Debug|Win32
		{8915A2D7-345D-427E-8D39-A93B4043DF40}.Release_Double|x64.ActiveCfg = Release|x64
		{8915A2D7-345D-427E-8D39-A93B4043DF40}.Release_Double|x64.Build.0 = Release|x64
		{8915A2D7-345D-427E-8D39-A93B4043DF40}.Release_Double|x86.ActiveCfg = Release|Win32
		{8915A2D7-345D-427E-8D39-A93B4043DF40}.Release_Double|x86.Build.0 = Release|Win32
		{8915A2D7-345D-427E-8D39-A93B4043DF40}.Release|x64.ActiveCfg = Release|x64
		{8915A2D7-345D-427E-8D39-A93B4043DF40}.Release|x64.Build.0 = Release|x64
		{8915A2D7-345D-427E-8D39-A93B4043DF40}.Release|x86.ActiveCfg = Release|Win32
		{8915A2D7-345D-427E-8D39-A93B4043DF40}.Release|x86.Build.0 = Release|Win32
	EndGlobalSection
	GlobalSection(SolutionProperties) = preSolution
		HideSolutionNode = FALSE
	EndGlobalSection
	GlobalSection(NestedProjects) = preSolution
		{4D72605A-9944-483F-9F0A-70DCDB3878A5} = {21AAA4AC-639E-4B0B-932E-FC31D0870B1E}
		{6164E365-2AC4-4866-B354-2ACD73DFAB16} = {21AAA4AC-639E-4B0B-932E-FC31D0870B1E}
		{8915A2D7-345D-427E-8D39-A93B4043DF40} = {21AAA4AC-639E-4B0B-932E-FC31D0870B1E}
	EndGlobalSection
	GlobalSection(ExtensibilityGlobals) = postSolution
		SolutionGuid = {79F40F18-6056-490F-BFCA-E0C6C1EB1E66}
	EndGlobalSection
EndGlobal
