
Microsoft Visual Studio Solution File, Format Version 12.00
# Visual Studio 15
VisualStudioVersion = 15.0.28307.1169
MinimumVisualStudioVersion = 10.0.40219.1
Project("{8BC9CEB8-8B4A-11D0-8D11-00A0C91BC942}") = "Tests", "Tests\Tests.vcxproj", "{E8F10DE2-9268-43D0-AFF9-F7EAD781829C}"
EndProject
Project("{8BC9CEB8-8B4A-11D0-8D11-00A0C91BC942}") = "FASTInterface_Test", "..\FASTInterface_Test\FASTInterface_Test.vcxproj", "{4D72605A-9944-483F-9F0A-70DCDB3878A5}"
EndProject
Project("{8BC9CEB8-8B4A-11D0-8D11-00A0C91BC942}") = "AD_Interface_Test", "..\AD_Interface_Test\AD_Interface_Test.vcxproj", "{6164E365-2AC4-4866-B354-2ACD73DFAB16}"
EndProject
Project("{8BC9CEB8-8B4A-11D0-8D11-00A0C91BC942}") = "DriveTrain_Test", "..\DriveTrain_Test\DriveTrain_Test.vcxproj", "{9D64210D-B4F5-46EE-AAC0-C962610AF9C0}"
EndProject
Global
	GlobalSection(SolutionConfigurationPlatforms) = preSolution
		Debug|x64 = Debug|x64
		Debug|x86 = Debug|x86
		Release|x64 = Release|x64
		Release|x86 = Release|x86
	EndGlobalSection
	GlobalSection(ProjectConfigurationPlatforms) = postSolution
		{E8F10DE2-9268-43D0-AFF9-F7EAD781829C}.Debug|x64.ActiveCfg = Debug|x64
		{E8F10DE2-9268-43D0-AFF9-F7EAD781829C}.Debug|x64.Build.0 = Debug|x64
		{E8F10DE2-9268-43D0-AFF9-F7EAD781829C}.Debug|x86.ActiveCfg = Debug|Win32
		{E8F10DE2-9268-43D0-AFF9-F7EAD781829C}.Debug|x86.Build.0 = Debug|Win32
		{E8F10DE2-9268-43D0-AFF9-F7EAD781829C}.Release|x64.ActiveCfg = Release|x64
		{E8F10DE2-9268-43D0-AFF9-F7EAD781829C}.Release|x64.Build.0 = Release|x64
		{E8F10DE2-9268-43D0-AFF9-F7EAD781829C}.Release|x86.ActiveCfg = Release|Win32
		{E8F10DE2-9268-43D0-AFF9-F7EAD781829C}.Release|x86.Build.0 = Release|Win32
		{4D72605A-9944-483F-9F0A-70DCDB3878A5}.Debug|x64.ActiveCfg = Debug|x64
		{4D72605A-9944-483F-9F0A-70DCDB3878A5}.Debug|x64.Build.0 = Debug|x64
		{4D72605A-9944-483F-9F0A-70DCDB3878A5}.Debug|x86.ActiveCfg = Debug|Win32
		{4D72605A-9944-483F-9F0A-70DCDB3878A5}.Debug|x86.Build.0 = Debug|Win32
		{4D72605A-9944-483F-9F0A-70DCDB3878A5}.Release|x64.ActiveCfg = Release|x64
		{4D72605A-9944-483F-9F0A-70DCDB3878A5}.Release|x64.Build.0 = Release|x64
		{4D72605A-9944-483F-9F0A-70DCDB3878A5}.Release|x86.ActiveCfg = Release|Win32
		{4D72605A-9944-483F-9F0A-70DCDB3878A5}.Release|x86.Build.0 = Release|Win32
		{6164E365-2AC4-4866-B354-2ACD73DFAB16}.Debug|x64.ActiveCfg = Debug|x64
		{6164E365-2AC4-4866-B354-2ACD73DFAB16}.Debug|x64.Build.0 = Debug|x64
		{6164E365-2AC4-4866-B354-2ACD73DFAB16}.Debug|x86.ActiveCfg = Debug|Win32
		{6164E365-2AC4-4866-B354-2ACD73DFAB16}.Debug|x86.Build.0 = Debug|Win32
		{6164E365-2AC4-4866-B354-2ACD73DFAB16}.Release|x64.ActiveCfg = Release|x64
		{6164E365-2AC4-4866-B354-2ACD73DFAB16}.Release|x64.Build.0 = Release|x64
		{6164E365-2AC4-4866-B354-2ACD73DFAB16}.Release|x86.ActiveCfg = Release|Win32
		{6164E365-2AC4-4866-B354-2ACD73DFAB16}.Release|x86.Build.0 = Release|Win32
		{9D64210D-B4F5-46EE-AAC0-C962610AF9C0}.Debug|x64.ActiveCfg = Debug|x64
		{9D64210D-B4F5-46EE-AAC0-C962610AF9C0}.Debug|x64.Build.0 = Debug|x64
		{9D64210D-B4F5-46EE-AAC0-C962610AF9C0}.Debug|x86.ActiveCfg = Debug|Win32
		{9D64210D-B4F5-46EE-AAC0-C962610AF9C0}.Debug|x86.Build.0 = Debug|Win32
		{9D64210D-B4F5-46EE-AAC0-C962610AF9C0}.Release|x64.ActiveCfg = Release|x64
		{9D64210D-B4F5-46EE-AAC0-C962610AF9C0}.Release|x64.Build.0 = Release|x64
		{9D64210D-B4F5-46EE-AAC0-C962610AF9C0}.Release|x86.ActiveCfg = Release|Win32
		{9D64210D-B4F5-46EE-AAC0-C962610AF9C0}.Release|x86.Build.0 = Release|Win32
	EndGlobalSection
	GlobalSection(SolutionProperties) = preSolution
		HideSolutionNode = FALSE
	EndGlobalSection
	GlobalSection(ExtensibilityGlobals) = postSolution
		SolutionGuid = {5C59F055-F4F4-4C1E-A6B0-2DD169CA3AA0}
	EndGlobalSection
EndGlobal
