<?xml version="1.0" encoding="utf-8"?>
<Project ToolsVersion="4.0" xmlns="http://schemas.microsoft.com/developer/msbuild/2003">
  <ItemGroup>
    <ClCompile Include="src\FASTInterface.cpp">
      <Filter>src</Filter>
    </ClCompile>
    <ClCompile Include="src\BladedInterface.cpp">
      <Filter>src</Filter>
    </ClCompile>
    <ClCompile Include="src\MasterController.cpp">
      <Filter>src</Filter>
    </ClCompile>
    <ClCompile Include="src\DriveTrain.cpp">
      <Filter>src</Filter>
    </ClCompile>
    <ClCompile Include="src\AeroDynTurbine.cpp">
      <Filter>src</Filter>
    </ClCompile>
    <ClCompile Include="src\Utilities.cpp">
      <Filter>src</Filter>
    </ClCompile>
  </ItemGroup>
  <ItemGroup>
    <ClInclude Include="include\AeroDynTurbine.h">
      <Filter>include</Filter>
    </ClInclude>
    <ClInclude Include="include\BladedInterface.h">
      <Filter>include</Filter>
    </ClInclude>
    <ClInclude Include="include\DriveTrain.h">
      <Filter>include</Filter>
    </ClInclude>
    <ClInclude Include="include\FASTInterface.h">
      <Filter>include</Filter>
    </ClInclude>
    <ClInclude Include="include\MasterController.h">
      <Filter>include</Filter>
    </ClInclude>
    <ClInclude Include="include\Utilities.h">
      <Filter>include</Filter>
    </ClInclude>
  </ItemGroup>
  <ItemGroup>
    <Filter Include="include">
      <UniqueIdentifier>{aee8d6ef-71e6-4995-8bff-3e4e3d1f44dd}</UniqueIdentifier>
    </Filter>
    <Filter Include="src">
      <UniqueIdentifier>{58d3f9cb-6879-4443-b931-9570081c4080}</UniqueIdentifier>
    </Filter>
  </ItemGroup>
</Project>