<?xml version="1.0" encoding="utf-8"?>
<Project ToolsVersion="4.0" xmlns="http://schemas.microsoft.com/developer/msbuild/2003">
  <ItemGroup>
    <ClCompile Include="src\DriveTrain.cpp">
      <Filter>DriveTrain</Filter>
    </ClCompile>
    <ClCompile Include="src\AeroDyn_Interface_Wrapper.cpp">
      <Filter>AeroDyn_Interface</Filter>
    </ClCompile>
    <ClCompile Include="src\GenController.cpp">
      <Filter>MasterController\GeneratorControl</Filter>
    </ClCompile>
    <ClCompile Include="src\LowPassFilter.cpp">
      <Filter>LowPassFilter</Filter>
    </ClCompile>
    <ClCompile Include="src\PitchController.cpp">
      <Filter>MasterController\PitchControl</Filter>
    </ClCompile>
    <ClCompile Include="src\InputFile.cpp">
      <Filter>Input</Filter>
    </ClCompile>
    <ClCompile Include="src\BladedInterface.cpp">
      <Filter>MasterController\BladedInterface</Filter>
    </ClCompile>
    <ClCompile Include="src\MasterController.cpp">
      <Filter>MasterController</Filter>
    </ClCompile>
    <ClCompile Include="src\CSVSpecFunction.cpp">
      <Filter>Input</Filter>
    </ClCompile>
    <ClCompile Include="src\FASTInterface.cpp" />
  </ItemGroup>
  <ItemGroup>
    <ClInclude Include="src\DriveTrain.h">
      <Filter>DriveTrain</Filter>
    </ClInclude>
    <ClInclude Include="src\GenController.h">
      <Filter>MasterController\GeneratorControl</Filter>
    </ClInclude>
    <ClInclude Include="src\LowPassFilter.h">
      <Filter>LowPassFilter</Filter>
    </ClInclude>
    <ClInclude Include="src\AeroDyn_Interface_Wrapper.h">
      <Filter>AeroDyn_Interface</Filter>
    </ClInclude>
    <ClInclude Include="src\PitchController.h">
      <Filter>MasterController\PitchControl</Filter>
    </ClInclude>
    <ClInclude Include="src\InputFile.h">
      <Filter>Input</Filter>
    </ClInclude>
    <ClInclude Include="src\BladedInterface.h">
      <Filter>MasterController\BladedInterface</Filter>
    </ClInclude>
    <ClInclude Include="src\MasterController.h">
      <Filter>MasterController</Filter>
    </ClInclude>
    <ClInclude Include="src\CSVSpecFunction.h">
      <Filter>Input</Filter>
    </ClInclude>
    <ClInclude Include="src\FASTInterface.h" />
    <ClInclude Include="src\FASTInterfaceExceptions.h" />
    <ClInclude Include="src\Header.h">
      <Filter>AeroDynTurbine</Filter>
    </ClInclude>
  </ItemGroup>
  <ItemGroup>
    <Library Include="..\modules\openfast\build\bin\AeroDyn_Interface_Win32_Double.lib">
      <Filter>Libraries</Filter>
    </Library>
    <Library Include="..\modules\openfast\build\bin\AeroDyn_Interface_Win32_Debug_Double.lib">
      <Filter>Libraries</Filter>
    </Library>
  </ItemGroup>
  <ItemGroup>
    <Filter Include="DriveTrain">
      <UniqueIdentifier>{7c6deecf-aa64-4d0f-89c9-6611aee2afdb}</UniqueIdentifier>
    </Filter>
    <Filter Include="AeroDyn_Interface">
      <UniqueIdentifier>{dd412287-60f2-4747-9de7-96bb6e6b4f0a}</UniqueIdentifier>
    </Filter>
    <Filter Include="AeroDyn_Interface\AeroDyn_Interface_Libs">
      <UniqueIdentifier>{8e01cec1-f7e6-4eff-9c0e-8a68fc1fd5bb}</UniqueIdentifier>
    </Filter>
    <Filter Include="Input">
      <UniqueIdentifier>{22fc2d59-2a00-441c-9e48-8867946ae3c5}</UniqueIdentifier>
    </Filter>
    <Filter Include="MasterController">
      <UniqueIdentifier>{ba390f5a-b6e6-4a92-90e8-007ee3a88bfd}</UniqueIdentifier>
    </Filter>
    <Filter Include="MasterController\PitchControl">
      <UniqueIdentifier>{0614e7a2-77e4-441b-b6a9-1dcd989e1bcc}</UniqueIdentifier>
    </Filter>
    <Filter Include="MasterController\GeneratorControl">
      <UniqueIdentifier>{91f7ceee-f353-41f7-9996-a65903453cfa}</UniqueIdentifier>
    </Filter>
    <Filter Include="MasterController\BladedInterface">
      <UniqueIdentifier>{24e1056d-8773-4535-a0a4-a98e73011299}</UniqueIdentifier>
    </Filter>
    <Filter Include="LowPassFilter">
      <UniqueIdentifier>{78ee4d2e-afda-434d-a962-b359eeb1d84b}</UniqueIdentifier>
    </Filter>
    <Filter Include="Libraries">
      <UniqueIdentifier>{bd3d23e7-5bc8-43b2-a2a5-558ccbd75968}</UniqueIdentifier>
    </Filter>
    <Filter Include="Batch Scripts">
      <UniqueIdentifier>{46d778e7-4122-41da-b4dd-fc66e929c8a7}</UniqueIdentifier>
    </Filter>
    <Filter Include="AeroDynTurbine">
      <UniqueIdentifier>{65df7edf-d8db-4b21-be48-eea11793f0a1}</UniqueIdentifier>
    </Filter>
  </ItemGroup>
  <ItemGroup>
    <None Include="FetchDLLs.bat">
      <Filter>Batch Scripts</Filter>
    </None>
  </ItemGroup>
</Project>